
Microsoft Visual Studio Solution File, Format Version 12.00
# Visual Studio Version 17
VisualStudioVersion = 17.5.33414.496
MinimumVisualStudioVersion = 10.0.40219.1
Project("{FAE04EC0-301F-11D3-BF4B-00C04F79EFBC}") = "Calculator-Date-Convertizor", "Calculator-Date-Convertizor\Calculator-Date-Convertizor.csproj", "{D8A45C0C-3A35-457B-8150-0197AB82FC19}"
EndProject
Global
	GlobalSection(SolutionConfigurationPlatforms) = preSolution
		Debug|Any CPU = Debug|Any CPU
		Release|Any CPU = Release|Any CPU
	EndGlobalSection
	GlobalSection(ProjectConfigurationPlatforms) = postSolution
		{D8A45C0C-3A35-457B-8150-0197AB82FC19}.Debug|Any CPU.ActiveCfg = Debug|Any CPU
		{D8A45C0C-3A35-457B-8150-0197AB82FC19}.Debug|Any CPU.Build.0 = Debug|Any CPU
		{D8A45C0C-3A35-457B-8150-0197AB82FC19}.Release|Any CPU.ActiveCfg = Release|Any CPU
		{D8A45C0C-3A35-457B-8150-0197AB82FC19}.Release|Any CPU.Build.0 = Release|Any CPU
	EndGlobalSection
	GlobalSection(SolutionProperties) = preSolution
		HideSolutionNode = FALSE
	EndGlobalSection
	GlobalSection(ExtensibilityGlobals) = postSolution
		SolutionGuid = {19972757-024B-4012-98A2-4CADD122C710}
	EndGlobalSection
EndGlobal
